// !$*UTF8*$!
{
	archiveVersion = 1;
	classes = {
	};
	objectVersion = 48;
	objects = {

/* Begin PBXBuildFile section */
		A4D1D16E20AC2517003FCE0E /* AppDelegate.swift in Sources */ = {isa = PBXBuildFile; fileRef = A4D1D16D20AC2517003FCE0E /* AppDelegate.swift */; };
		A4D1D17020AC2517003FCE0E /* ViewController.swift in Sources */ = {isa = PBXBuildFile; fileRef = A4D1D16F20AC2517003FCE0E /* ViewController.swift */; };
		A4D1D17320AC2517003FCE0E /* Main.storyboard in Resources */ = {isa = PBXBuildFile; fileRef = A4D1D17120AC2517003FCE0E /* Main.storyboard */; };
		A4D1D17520AC2517003FCE0E /* Assets.xcassets in Resources */ = {isa = PBXBuildFile; fileRef = A4D1D17420AC2517003FCE0E /* Assets.xcassets */; };
		A4D1D17820AC2517003FCE0E /* LaunchScreen.storyboard in Resources */ = {isa = PBXBuildFile; fileRef = A4D1D17620AC2517003FCE0E /* LaunchScreen.storyboard */; };
		A4D1D18320AC2517003FCE0E /* NSNotificationDemoTests.swift in Sources */ = {isa = PBXBuildFile; fileRef = A4D1D18220AC2517003FCE0E /* NSNotificationDemoTests.swift */; };
		A4D1D18E20AC2518003FCE0E /* NSNotificationDemoUITests.swift in Sources */ = {isa = PBXBuildFile; fileRef = A4D1D18D20AC2518003FCE0E /* NSNotificationDemoUITests.swift */; };
/* End PBXBuildFile section */

/* Begin PBXContainerItemProxy section */
		A4D1D17F20AC2517003FCE0E /* PBXContainerItemProxy */ = {
			isa = PBXContainerItemProxy;
			containerPortal = A4D1D16220AC2517003FCE0E /* Project object */;
			proxyType = 1;
			remoteGlobalIDString = A4D1D16920AC2517003FCE0E;
			remoteInfo = NSNotificationDemo;
		};
		A4D1D18A20AC2518003FCE0E /* PBXContainerItemProxy */ = {
			isa = PBXContainerItemProxy;
			containerPortal = A4D1D16220AC2517003FCE0E /* Project object */;
			proxyType = 1;
			remoteGlobalIDString = A4D1D16920AC2517003FCE0E;
			remoteInfo = NSNotificationDemo;
		};
/* End PBXContainerItemProxy section */

/* Begin PBXFileReference section */
		A4D1D16A20AC2517003FCE0E /* NSNotificationDemo.app */ = {isa = PBXFileReference; explicitFileType = wrapper.application; includeInIndex = 0; path = NSNotificationDemo.app; sourceTree = BUILT_PRODUCTS_DIR; };
		A4D1D16D20AC2517003FCE0E /* AppDelegate.swift */ = {isa = PBXFileReference; lastKnownFileType = sourcecode.swift; path = AppDelegate.swift; sourceTree = "<group>"; };
		A4D1D16F20AC2517003FCE0E /* ViewController.swift */ = {isa = PBXFileReference; lastKnownFileType = sourcecode.swift; path = ViewController.swift; sourceTree = "<group>"; };
		A4D1D17220AC2517003FCE0E /* Base */ = {isa = PBXFileReference; lastKnownFileType = file.storyboard; name = Base; path = Base.lproj/Main.storyboard; sourceTree = "<group>"; };
		A4D1D17420AC2517003FCE0E /* Assets.xcassets */ = {isa = PBXFileReference; lastKnownFileType = folder.assetcatalog; path = Assets.xcassets; sourceTree = "<group>"; };
		A4D1D17720AC2517003FCE0E /* Base */ = {isa = PBXFileReference; lastKnownFileType = file.storyboard; name = Base; path = Base.lproj/LaunchScreen.storyboard; sourceTree = "<group>"; };
		A4D1D17920AC2517003FCE0E /* Info.plist */ = {isa = PBXFileReference; lastKnownFileType = text.plist.xml; path = Info.plist; sourceTree = "<group>"; };
		A4D1D17E20AC2517003FCE0E /* NSNotificationDemoTests.xctest */ = {isa = PBXFileReference; explicitFileType = wrapper.cfbundle; includeInIndex = 0; path = NSNotificationDemoTests.xctest; sourceTree = BUILT_PRODUCTS_DIR; };
		A4D1D18220AC2517003FCE0E /* NSNotificationDemoTests.swift */ = {isa = PBXFileReference; lastKnownFileType = sourcecode.swift; path = NSNotificationDemoTests.swift; sourceTree = "<group>"; };
		A4D1D18420AC2517003FCE0E /* Info.plist */ = {isa = PBXFileReference; lastKnownFileType = text.plist.xml; path = Info.plist; sourceTree = "<group>"; };
		A4D1D18920AC2518003FCE0E /* NSNotificationDemoUITests.xctest */ = {isa = PBXFileReference; explicitFileType = wrapper.cfbundle; includeInIndex = 0; path = NSNotificationDemoUITests.xctest; sourceTree = BUILT_PRODUCTS_DIR; };
		A4D1D18D20AC2518003FCE0E /* NSNotificationDemoUITests.swift */ = {isa = PBXFileReference; lastKnownFileType = sourcecode.swift; path = NSNotificationDemoUITests.swift; sourceTree = "<group>"; };
		A4D1D18F20AC2518003FCE0E /* Info.plist */ = {isa = PBXFileReference; lastKnownFileType = text.plist.xml; path = Info.plist; sourceTree = "<group>"; };
/* End PBXFileReference section */

/* Begin PBXFrameworksBuildPhase section */
		A4D1D16720AC2517003FCE0E /* Frameworks */ = {
			isa = PBXFrameworksBuildPhase;
			buildActionMask = 2147483647;
			files = (
			);
			runOnlyForDeploymentPostprocessing = 0;
		};
		A4D1D17B20AC2517003FCE0E /* Frameworks */ = {
			isa = PBXFrameworksBuildPhase;
			buildActionMask = 2147483647;
			files = (
			);
			runOnlyForDeploymentPostprocessing = 0;
		};
		A4D1D18620AC2518003FCE0E /* Frameworks */ = {
			isa = PBXFrameworksBuildPhase;
			buildActionMask = 2147483647;
			files = (
			);
			runOnlyForDeploymentPostprocessing = 0;
		};
/* End PBXFrameworksBuildPhase section */

/* Begin PBXGroup section */
		A4D1D16120AC2517003FCE0E = {
			isa = PBXGroup;
			children = (
				A4D1D16C20AC2517003FCE0E /* NSNotificationDemo */,
				A4D1D18120AC2517003FCE0E /* NSNotificationDemoTests */,
				A4D1D18C20AC2518003FCE0E /* NSNotificationDemoUITests */,
				A4D1D16B20AC2517003FCE0E /* Products */,
			);
			sourceTree = "<group>";
		};
		A4D1D16B20AC2517003FCE0E /* Products */ = {
			isa = PBXGroup;
			children = (
				A4D1D16A20AC2517003FCE0E /* NSNotificationDemo.app */,
				A4D1D17E20AC2517003FCE0E /* NSNotificationDemoTests.xctest */,
				A4D1D18920AC2518003FCE0E /* NSNotificationDemoUITests.xctest */,
			);
			name = Products;
			sourceTree = "<group>";
		};
		A4D1D16C20AC2517003FCE0E /* NSNotificationDemo */ = {
			isa = PBXGroup;
			children = (
				A4D1D16D20AC2517003FCE0E /* AppDelegate.swift */,
				A4D1D16F20AC2517003FCE0E /* ViewController.swift */,
				A4D1D17120AC2517003FCE0E /* Main.storyboard */,
				A4D1D17420AC2517003FCE0E /* Assets.xcassets */,
				A4D1D17620AC2517003FCE0E /* LaunchScreen.storyboard */,
				A4D1D17920AC2517003FCE0E /* Info.plist */,
			);
			path = NSNotificationDemo;
			sourceTree = "<group>";
		};
		A4D1D18120AC2517003FCE0E /* NSNotificationDemoTests */ = {
			isa = PBXGroup;
			children = (
				A4D1D18220AC2517003FCE0E /* NSNotificationDemoTests.swift */,
				A4D1D18420AC2517003FCE0E /* Info.plist */,
			);
			path = NSNotificationDemoTests;
			sourceTree = "<group>";
		};
		A4D1D18C20AC2518003FCE0E /* NSNotificationDemoUITests */ = {
			isa = PBXGroup;
			children = (
				A4D1D18D20AC2518003FCE0E /* NSNotificationDemoUITests.swift */,
				A4D1D18F20AC2518003FCE0E /* Info.plist */,
			);
			path = NSNotificationDemoUITests;
			sourceTree = "<group>";
		};
/* End PBXGroup section */

/* Begin PBXNativeTarget section */
		A4D1D16920AC2517003FCE0E /* NSNotificationDemo */ = {
			isa = PBXNativeTarget;
			buildConfigurationList = A4D1D19220AC2518003FCE0E /* Build configuration list for PBXNativeTarget "NSNotificationDemo" */;
			buildPhases = (
				A4D1D16620AC2517003FCE0E /* Sources */,
				A4D1D16720AC2517003FCE0E /* Frameworks */,
				A4D1D16820AC2517003FCE0E /* Resources */,
			);
			buildRules = (
			);
			dependencies = (
			);
			name = NSNotificationDemo;
			productName = NSNotificationDemo;
			productReference = A4D1D16A20AC2517003FCE0E /* NSNotificationDemo.app */;
			productType = "com.apple.product-type.application";
		};
		A4D1D17D20AC2517003FCE0E /* NSNotificationDemoTests */ = {
			isa = PBXNativeTarget;
			buildConfigurationList = A4D1D19520AC2518003FCE0E /* Build configuration list for PBXNativeTarget "NSNotificationDemoTests" */;
			buildPhases = (
				A4D1D17A20AC2517003FCE0E /* Sources */,
				A4D1D17B20AC2517003FCE0E /* Frameworks */,
				A4D1D17C20AC2517003FCE0E /* Resources */,
			);
			buildRules = (
			);
			dependencies = (
				A4D1D18020AC2517003FCE0E /* PBXTargetDependency */,
			);
			name = NSNotificationDemoTests;
			productName = NSNotificationDemoTests;
			productReference = A4D1D17E20AC2517003FCE0E /* NSNotificationDemoTests.xctest */;
			productType = "com.apple.product-type.bundle.unit-test";
		};
		A4D1D18820AC2518003FCE0E /* NSNotificationDemoUITests */ = {
			isa = PBXNativeTarget;
			buildConfigurationList = A4D1D19820AC2518003FCE0E /* Build configuration list for PBXNativeTarget "NSNotificationDemoUITests" */;
			buildPhases = (
				A4D1D18520AC2518003FCE0E /* Sources */,
				A4D1D18620AC2518003FCE0E /* Frameworks */,
				A4D1D18720AC2518003FCE0E /* Resources */,
			);
			buildRules = (
			);
			dependencies = (
				A4D1D18B20AC2518003FCE0E /* PBXTargetDependency */,
			);
			name = NSNotificationDemoUITests;
			productName = NSNotificationDemoUITests;
			productReference = A4D1D18920AC2518003FCE0E /* NSNotificationDemoUITests.xctest */;
			productType = "com.apple.product-type.bundle.ui-testing";
		};
/* End PBXNativeTarget section */

/* Begin PBXProject section */
		A4D1D16220AC2517003FCE0E /* Project object */ = {
			isa = PBXProject;
			attributes = {
				LastSwiftUpdateCheck = 0920;
				LastUpgradeCheck = 0920;
				ORGANIZATIONNAME = MyCompany;
				TargetAttributes = {
					A4D1D16920AC2517003FCE0E = {
						CreatedOnToolsVersion = 9.2;
						ProvisioningStyle = Automatic;
					};
					A4D1D17D20AC2517003FCE0E = {
						CreatedOnToolsVersion = 9.2;
						ProvisioningStyle = Automatic;
						TestTargetID = A4D1D16920AC2517003FCE0E;
					};
					A4D1D18820AC2518003FCE0E = {
						CreatedOnToolsVersion = 9.2;
						ProvisioningStyle = Automatic;
						TestTargetID = A4D1D16920AC2517003FCE0E;
					};
				};
			};
			buildConfigurationList = A4D1D16520AC2517003FCE0E /* Build configuration list for PBXProject "NSNotificationDemo" */;
			compatibilityVersion = "Xcode 8.0";
			developmentRegion = en;
			hasScannedForEncodings = 0;
			knownRegions = (
				en,
				Base,
			);
			mainGroup = A4D1D16120AC2517003FCE0E;
			productRefGroup = A4D1D16B20AC2517003FCE0E /* Products */;
			projectDirPath = "";
			projectRoot = "";
			targets = (
				A4D1D16920AC2517003FCE0E /* NSNotificationDemo */,
				A4D1D17D20AC2517003FCE0E /* NSNotificationDemoTests */,
				A4D1D18820AC2518003FCE0E /* NSNotificationDemoUITests */,
			);
		};
/* End PBXProject section */

/* Begin PBXResourcesBuildPhase section */
		A4D1D16820AC2517003FCE0E /* Resources */ = {
			isa = PBXResourcesBuildPhase;
			buildActionMask = 2147483647;
			files = (
				A4D1D17820AC2517003FCE0E /* LaunchScreen.storyboard in Resources */,
				A4D1D17520AC2517003FCE0E /* Assets.xcassets in Resources */,
				A4D1D17320AC2517003FCE0E /* Main.storyboard in Resources */,
			);
			runOnlyForDeploymentPostprocessing = 0;
		};
		A4D1D17C20AC2517003FCE0E /* Resources */ = {
			isa = PBXResourcesBuildPhase;
			buildActionMask = 2147483647;
			files = (
			);
			runOnlyForDeploymentPostprocessing = 0;
		};
		A4D1D18720AC2518003FCE0E /* Resources */ = {
			isa = PBXResourcesBuildPhase;
			buildActionMask = 2147483647;
			files = (
			);
			runOnlyForDeploymentPostprocessing = 0;
		};
/* End PBXResourcesBuildPhase section */

/* Begin PBXSourcesBuildPhase section */
		A4D1D16620AC2517003FCE0E /* Sources */ = {
			isa = PBXSourcesBuildPhase;
			buildActionMask = 2147483647;
			files = (
				A4D1D17020AC2517003FCE0E /* ViewController.swift in Sources */,
				A4D1D16E20AC2517003FCE0E /* AppDelegate.swift in Sources */,
			);
			runOnlyForDeploymentPostprocessing = 0;
		};
		A4D1D17A20AC2517003FCE0E /* Sources */ = {
			isa = PBXSourcesBuildPhase;
			buildActionMask = 2147483647;
			files = (
				A4D1D18320AC2517003FCE0E /* NSNotificationDemoTests.swift in Sources */,
			);
			runOnlyForDeploymentPostprocessing = 0;
		};
		A4D1D18520AC2518003FCE0E /* Sources */ = {
			isa = PBXSourcesBuildPhase;
			buildActionMask = 2147483647;
			files = (
				A4D1D18E20AC2518003FCE0E /* NSNotificationDemoUITests.swift in Sources */,
			);
			runOnlyForDeploymentPostprocessing = 0;
		};
/* End PBXSourcesBuildPhase section */

/* Begin PBXTargetDependency section */
		A4D1D18020AC2517003FCE0E /* PBXTargetDependency */ = {
			isa = PBXTargetDependency;
			target = A4D1D16920AC2517003FCE0E /* NSNotificationDemo */;
			targetProxy = A4D1D17F20AC2517003FCE0E /* PBXContainerItemProxy */;
		};
		A4D1D18B20AC2518003FCE0E /* PBXTargetDependency */ = {
			isa = PBXTargetDependency;
			target = A4D1D16920AC2517003FCE0E /* NSNotificationDemo */;
			targetProxy = A4D1D18A20AC2518003FCE0E /* PBXContainerItemProxy */;
		};
/* End PBXTargetDependency section */

/* Begin PBXVariantGroup section */
		A4D1D17120AC2517003FCE0E /* Main.storyboard */ = {
			isa = PBXVariantGroup;
			children = (
				A4D1D17220AC2517003FCE0E /* Base */,
			);
			name = Main.storyboard;
			sourceTree = "<group>";
		};
		A4D1D17620AC2517003FCE0E /* LaunchScreen.storyboard */ = {
			isa = PBXVariantGroup;
			children = (
				A4D1D17720AC2517003FCE0E /* Base */,
			);
			name = LaunchScreen.storyboard;
			sourceTree = "<group>";
		};
/* End PBXVariantGroup section */

/* Begin XCBuildConfiguration section */
		A4D1D19020AC2518003FCE0E /* Debug */ = {
			isa = XCBuildConfiguration;
			buildSettings = {
				ALWAYS_SEARCH_USER_PATHS = NO;
				CLANG_ANALYZER_NONNULL = YES;
				CLANG_ANALYZER_NUMBER_OBJECT_CONVERSION = YES_AGGRESSIVE;
				CLANG_CXX_LANGUAGE_STANDARD = "gnu++14";
				CLANG_CXX_LIBRARY = "libc++";
				CLANG_ENABLE_MODULES = YES;
				CLANG_ENABLE_OBJC_ARC = YES;
				CLANG_WARN_BLOCK_CAPTURE_AUTORELEASING = YES;
				CLANG_WARN_BOOL_CONVERSION = YES;
				CLANG_WARN_COMMA = YES;
				CLANG_WARN_CONSTANT_CONVERSION = YES;
				CLANG_WARN_DIRECT_OBJC_ISA_USAGE = YES_ERROR;
				CLANG_WARN_DOCUMENTATION_COMMENTS = YES;
				CLANG_WARN_EMPTY_BODY = YES;
				CLANG_WARN_ENUM_CONVERSION = YES;
				CLANG_WARN_INFINITE_RECURSION = YES;
				CLANG_WARN_INT_CONVERSION = YES;
				CLANG_WARN_NON_LITERAL_NULL_CONVERSION = YES;
				CLANG_WARN_OBJC_LITERAL_CONVERSION = YES;
				CLANG_WARN_OBJC_ROOT_CLASS = YES_ERROR;
				CLANG_WARN_RANGE_LOOP_ANALYSIS = YES;
				CLANG_WARN_STRICT_PROTOTYPES = YES;
				CLANG_WARN_SUSPICIOUS_MOVE = YES;
				CLANG_WARN_UNGUARDED_AVAILABILITY = YES_AGGRESSIVE;
				CLANG_WARN_UNREACHABLE_CODE = YES;
				CLANG_WARN__DUPLICATE_METHOD_MATCH = YES;
				CODE_SIGN_IDENTITY = "iPhone Developer";
				COPY_PHASE_STRIP = NO;
				DEBUG_INFORMATION_FORMAT = dwarf;
				ENABLE_STRICT_OBJC_MSGSEND = YES;
				ENABLE_TESTABILITY = YES;
				GCC_C_LANGUAGE_STANDARD = gnu11;
				GCC_DYNAMIC_NO_PIC = NO;
				GCC_NO_COMMON_BLOCKS = YES;
				GCC_OPTIMIZATION_LEVEL = 0;
				GCC_PREPROCESSOR_DEFINITIONS = (
					"DEBUG=1",
					"$(inherited)",
				);
				GCC_WARN_64_TO_32_BIT_CONVERSION = YES;
				GCC_WARN_ABOUT_RETURN_TYPE = YES_ERROR;
				GCC_WARN_UNDECLARED_SELECTOR = YES;
				GCC_WARN_UNINITIALIZED_AUTOS = YES_AGGRESSIVE;
				GCC_WARN_UNUSED_FUNCTION = YES;
				GCC_WARN_UNUSED_VARIABLE = YES;
				IPHONEOS_DEPLOYMENT_TARGET = 11.2;
				MTL_ENABLE_DEBUG_INFO = YES;
				ONLY_ACTIVE_ARCH = YES;
				SDKROOT = iphoneos;
				SWIFT_ACTIVE_COMPILATION_CONDITIONS = DEBUG;
				SWIFT_OPTIMIZATION_LEVEL = "-Onone";
			};
			name = Debug;
		};
		A4D1D19120AC2518003FCE0E /* Release */ = {
			isa = XCBuildConfiguration;
			buildSettings = {
				ALWAYS_SEARCH_USER_PATHS = NO;
				CLANG_ANALYZER_NONNULL = YES;
				CLANG_ANALYZER_NUMBER_OBJECT_CONVERSION = YES_AGGRESSIVE;
				CLANG_CXX_LANGUAGE_STANDARD = "gnu++14";
				CLANG_CXX_LIBRARY = "libc++";
				CLANG_ENABLE_MODULES = YES;
				CLANG_ENABLE_OBJC_ARC = YES;
				CLANG_WARN_BLOCK_CAPTURE_AUTORELEASING = YES;
				CLANG_WARN_BOOL_CONVERSION = YES;
				CLANG_WARN_COMMA = YES;
				CLANG_WARN_CONSTANT_CONVERSION = YES;
				CLANG_WARN_DIRECT_OBJC_ISA_USAGE = YES_ERROR;
				CLANG_WARN_DOCUMENTATION_COMMENTS = YES;
				CLANG_WARN_EMPTY_BODY = YES;
				CLANG_WARN_ENUM_CONVERSION = YES;
				CLANG_WARN_INFINITE_RECURSION = YES;
				CLANG_WARN_INT_CONVERSION = YES;
				CLANG_WARN_NON_LITERAL_NULL_CONVERSION = YES;
				CLANG_WARN_OBJC_LITERAL_CONVERSION = YES;
				CLANG_WARN_OBJC_ROOT_CLASS = YES_ERROR;
				CLANG_WARN_RANGE_LOOP_ANALYSIS = YES;
				CLANG_WARN_STRICT_PROTOTYPES = YES;
				CLANG_WARN_SUSPICIOUS_MOVE = YES;
				CLANG_WARN_UNGUARDED_AVAILABILITY = YES_AGGRESSIVE;
				CLANG_WARN_UNREACHABLE_CODE = YES;
				CLANG_WARN__DUPLICATE_METHOD_MATCH = YES;
				CODE_SIGN_IDENTITY = "iPhone Developer";
				COPY_PHASE_STRIP = NO;
				DEBUG_INFORMATION_FORMAT = "dwarf-with-dsym";
				ENABLE_NS_ASSERTIONS = NO;
				ENABLE_STRICT_OBJC_MSGSEND = YES;
				GCC_C_LANGUAGE_STANDARD = gnu11;
				GCC_NO_COMMON_BLOCKS = YES;
				GCC_WARN_64_TO_32_BIT_CONVERSION = YES;
				GCC_WARN_ABOUT_RETURN_TYPE = YES_ERROR;
				GCC_WARN_UNDECLARED_SELECTOR = YES;
				GCC_WARN_UNINITIALIZED_AUTOS = YES_AGGRESSIVE;
				GCC_WARN_UNUSED_FUNCTION = YES;
				GCC_WARN_UNUSED_VARIABLE = YES;
				IPHONEOS_DEPLOYMENT_TARGET = 11.2;
				MTL_ENABLE_DEBUG_INFO = NO;
				SDKROOT = iphoneos;
				SWIFT_OPTIMIZATION_LEVEL = "-Owholemodule";
				VALIDATE_PRODUCT = YES;
			};
			name = Release;
		};
		A4D1D19320AC2518003FCE0E /* Debug */ = {
			isa = XCBuildConfiguration;
			buildSettings = {
				ASSETCATALOG_COMPILER_APPICON_NAME = AppIcon;
				CODE_SIGN_STYLE = Automatic;
				INFOPLIST_FILE = NSNotificationDemo/Info.plist;
				LD_RUNPATH_SEARCH_PATHS = "$(inherited) @executable_path/Frameworks";
				PRODUCT_BUNDLE_IDENTIFIER = com.company..NSNotificationDemo;
				PRODUCT_NAME = "$(TARGET_NAME)";
				SWIFT_VERSION = 4.0;
				TARGETED_DEVICE_FAMILY = "1,2";
			};
			name = Debug;
		};
		A4D1D19420AC2518003FCE0E /* Release */ = {
			isa = XCBuildConfiguration;
			buildSettings = {
				ASSETCATALOG_COMPILER_APPICON_NAME = AppIcon;
				CODE_SIGN_STYLE = Automatic;
				INFOPLIST_FILE = NSNotificationDemo/Info.plist;
				LD_RUNPATH_SEARCH_PATHS = "$(inherited) @executable_path/Frameworks";
				PRODUCT_BUNDLE_IDENTIFIER = com.company..NSNotificationDemo;
				PRODUCT_NAME = "$(TARGET_NAME)";
				SWIFT_VERSION = 4.0;
				TARGETED_DEVICE_FAMILY = "1,2";
			};
			name = Release;
		};
		A4D1D19620AC2518003FCE0E /* Debug */ = {
			isa = XCBuildConfiguration;
			buildSettings = {
				ALWAYS_EMBED_SWIFT_STANDARD_LIBRARIES = YES;
				BUNDLE_LOADER = "$(TEST_HOST)";
				CODE_SIGN_STYLE = Automatic;
				INFOPLIST_FILE = NSNotificationDemoTests/Info.plist;
				LD_RUNPATH_SEARCH_PATHS = "$(inherited) @executable_path/Frameworks @loader_path/Frameworks";
				PRODUCT_BUNDLE_IDENTIFIER = com.company..NSNotificationDemoTests;
				PRODUCT_NAME = "$(TARGET_NAME)";
				SWIFT_VERSION = 4.0;
				TARGETED_DEVICE_FAMILY = "1,2";
				TEST_HOST = "$(BUILT_PRODUCTS_DIR)/NSNotificationDemo.app/NSNotificationDemo";
			};
			name = Debug;
		};
		A4D1D19720AC2518003FCE0E /* Release */ = {
			isa = XCBuildConfiguration;
			buildSettings = {
				ALWAYS_EMBED_SWIFT_STANDARD_LIBRARIES = YES;
				BUNDLE_LOADER = "$(TEST_HOST)";
				CODE_SIGN_STYLE = Automatic;
				INFOPLIST_FILE = NSNotificationDemoTests/Info.plist;
				LD_RUNPATH_SEARCH_PATHS = "$(inherited) @executable_path/Frameworks @loader_path/Frameworks";
				PRODUCT_BUNDLE_IDENTIFIER = com.company..NSNotificationDemoTests;
				PRODUCT_NAME = "$(TARGET_NAME)";
				SWIFT_VERSION = 4.0;
				TARGETED_DEVICE_FAMILY = "1,2";
				TEST_HOST = "$(BUILT_PRODUCTS_DIR)/NSNotificationDemo.app/NSNotificationDemo";
			};
			name = Release;
		};
		A4D1D19920AC2518003FCE0E /* Debug */ = {
			isa = XCBuildConfiguration;
			buildSettings = {
				ALWAYS_EMBED_SWIFT_STANDARD_LIBRARIES = YES;
				CODE_SIGN_STYLE = Automatic;
				INFOPLIST_FILE = NSNotificationDemoUITests/Info.plist;
				LD_RUNPATH_SEARCH_PATHS = "$(inherited) @executable_path/Frameworks @loader_path/Frameworks";
				PRODUCT_BUNDLE_IDENTIFIER = com.company..NSNotificationDemoUITests;
				PRODUCT_NAME = "$(TARGET_NAME)";
				SWIFT_VERSION = 4.0;
				TARGETED_DEVICE_FAMILY = "1,2";
				TEST_TARGET_NAME = NSNotificationDemo;
			};
			name = Debug;
		};
		A4D1D19A20AC2518003FCE0E /* Release */ = {
			isa = XCBuildConfiguration;
			buildSettings = {
				ALWAYS_EMBED_SWIFT_STANDARD_LIBRARIES = YES;
				CODE_SIGN_STYLE = Automatic;
				INFOPLIST_FILE = NSNotificationDemoUITests/Info.plist;
				LD_RUNPATH_SEARCH_PATHS = "$(inherited) @executable_path/Frameworks @loader_path/Frameworks";
				PRODUCT_BUNDLE_IDENTIFIER = com.company..NSNotificationDemoUITests;
				PRODUCT_NAME = "$(TARGET_NAME)";
				SWIFT_VERSION = 4.0;
				TARGETED_DEVICE_FAMILY = "1,2";
				TEST_TARGET_NAME = NSNotificationDemo;
			};
			name = Release;
		};
/* End XCBuildConfiguration section */

/* Begin XCConfigurationList section */
		A4D1D16520AC2517003FCE0E /* Build configuration list for PBXProject "NSNotificationDemo" */ = {
			isa = XCConfigurationList;
			buildConfigurations = (
				A4D1D19020AC2518003FCE0E /* Debug */,
				A4D1D19120AC2518003FCE0E /* Release */,
			);
			defaultConfigurationIsVisible = 0;
			defaultConfigurationName = Release;
		};
		A4D1D19220AC2518003FCE0E /* Build configuration list for PBXNativeTarget "NSNotificationDemo" */ = {
			isa = XCConfigurationList;
			buildConfigurations = (
				A4D1D19320AC2518003FCE0E /* Debug */,
				A4D1D19420AC2518003FCE0E /* Release */,
			);
			defaultConfigurationIsVisible = 0;
			defaultConfigurationName = Release;
		};
		A4D1D19520AC2518003FCE0E /* Build configuration list for PBXNativeTarget "NSNotificationDemoTests" */ = {
			isa = XCConfigurationList;
			buildConfigurations = (
				A4D1D19620AC2518003FCE0E /* Debug */,
				A4D1D19720AC2518003FCE0E /* Release */,
			);
			defaultConfigurationIsVisible = 0;
			defaultConfigurationName = Release;
		};
		A4D1D19820AC2518003FCE0E /* Build configuration list for PBXNativeTarget "NSNotificationDemoUITests" */ = {
			isa = XCConfigurationList;
			buildConfigurations = (
				A4D1D19920AC2518003FCE0E /* Debug */,
				A4D1D19A20AC2518003FCE0E /* Release */,
			);
			defaultConfigurationIsVisible = 0;
			defaultConfigurationName = Release;
		};
/* End XCConfigurationList section */
	};
	rootObject = A4D1D16220AC2517003FCE0E /* Project object */;
}
